
Microsoft Visual Studio Solution File, Format Version 12.00
# Visual Studio Version 17
VisualStudioVersion = 17.2.32630.192
MinimumVisualStudioVersion = 10.0.40219.1
Project("{FAE04EC0-301F-11D3-BF4B-00C04F79EFBC}") = "SistemaCadastro", "SistemaCadastro\SistemaCadastro.csproj", "{031FAEA8-8E55-449A-9B94-53B0D9EE1283}"
EndProject
Global
	GlobalSection(SolutionConfigurationPlatforms) = preSolution
		Debug|Any CPU = Debug|Any CPU
		Release|Any CPU = Release|Any CPU
	EndGlobalSection
	GlobalSection(ProjectConfigurationPlatforms) = postSolution
		{031FAEA8-8E55-449A-9B94-53B0D9EE1283}.Debug|Any CPU.ActiveCfg = Debug|Any CPU
		{031FAEA8-8E55-449A-9B94-53B0D9EE1283}.Debug|Any CPU.Build.0 = Debug|Any CPU
		{031FAEA8-8E55-449A-9B94-53B0D9EE1283}.Release|Any CPU.ActiveCfg = Release|Any CPU
		{031FAEA8-8E55-449A-9B94-53B0D9EE1283}.Release|Any CPU.Build.0 = Release|Any CPU
	EndGlobalSection
	GlobalSection(SolutionProperties) = preSolution
		HideSolutionNode = FALSE
	EndGlobalSection
	GlobalSection(ExtensibilityGlobals) = postSolution
		SolutionGuid = {BA0E1300-1DE8-43EC-BEC3-D2547FEB1D48}
	EndGlobalSection
EndGlobal
